// !$*UTF8*$!
{
	archiveVersion = 1;
	classes = {
	};
	objectVersion = 46;
	objects = {

/* Begin PBXBuildFile section */
		0431115F1C04382000CD6000 /* NSArray+CO.swift in Sources */ = {isa = PBXBuildFile; fileRef = 043111501C04382000CD6000 /* NSArray+CO.swift */; };
		043111601C04382000CD6000 /* NSData+CO.swift in Sources */ = {isa = PBXBuildFile; fileRef = 043111511C04382000CD6000 /* NSData+CO.swift */; };
		043111611C04382000CD6000 /* NSDate+CO.swift in Sources */ = {isa = PBXBuildFile; fileRef = 043111521C04382000CD6000 /* NSDate+CO.swift */; };
		043111621C04382000CD6000 /* NSObject+CO.swift in Sources */ = {isa = PBXBuildFile; fileRef = 043111531C04382000CD6000 /* NSObject+CO.swift */; };
		043111631C04382000CD6000 /* NSString+CO.swift in Sources */ = {isa = PBXBuildFile; fileRef = 043111541C04382000CD6000 /* NSString+CO.swift */; };
		043111641C04382000CD6000 /* String+CO.swift in Sources */ = {isa = PBXBuildFile; fileRef = 043111551C04382000CD6000 /* String+CO.swift */; };
		043111651C04382000CD6000 /* UIButton+CO.swift in Sources */ = {isa = PBXBuildFile; fileRef = 043111561C04382000CD6000 /* UIButton+CO.swift */; };
		043111661C04382000CD6000 /* UIColor+CO.swift in Sources */ = {isa = PBXBuildFile; fileRef = 043111571C04382000CD6000 /* UIColor+CO.swift */; };
		043111671C04382000CD6000 /* UIImage+CO.swift in Sources */ = {isa = PBXBuildFile; fileRef = 043111581C04382000CD6000 /* UIImage+CO.swift */; };
		043111681C04382000CD6000 /* UIImageView+CO.swift in Sources */ = {isa = PBXBuildFile; fileRef = 043111591C04382000CD6000 /* UIImageView+CO.swift */; };
		043111691C04382000CD6000 /* UILabel+CO.swift in Sources */ = {isa = PBXBuildFile; fileRef = 0431115A1C04382000CD6000 /* UILabel+CO.swift */; };
		0431116A1C04382000CD6000 /* UIScrollView+CO.swift in Sources */ = {isa = PBXBuildFile; fileRef = 0431115B1C04382000CD6000 /* UIScrollView+CO.swift */; };
		0431116B1C04382000CD6000 /* UITableView+CO.swift in Sources */ = {isa = PBXBuildFile; fileRef = 0431115C1C04382000CD6000 /* UITableView+CO.swift */; };
		0431116C1C04382000CD6000 /* UIView+CO.swift in Sources */ = {isa = PBXBuildFile; fileRef = 0431115D1C04382000CD6000 /* UIView+CO.swift */; };
		0431116F1C0438B700CD6000 /* ColorDefine.swift in Sources */ = {isa = PBXBuildFile; fileRef = 0431116E1C0438B700CD6000 /* ColorDefine.swift */; };
		043111791C04391700CD6000 /* COBaseCell.swift in Sources */ = {isa = PBXBuildFile; fileRef = 043111711C04391700CD6000 /* COBaseCell.swift */; };
		0431117A1C04391700CD6000 /* COBaseV.swift in Sources */ = {isa = PBXBuildFile; fileRef = 043111721C04391700CD6000 /* COBaseV.swift */; };
		0431117C1C04391700CD6000 /* COTFTVHandler.swift in Sources */ = {isa = PBXBuildFile; fileRef = 043111741C04391700CD6000 /* COTFTVHandler.swift */; };
		0431117D1C04391700CD6000 /* COUIScrollView.swift in Sources */ = {isa = PBXBuildFile; fileRef = 043111751C04391700CD6000 /* COUIScrollView.swift */; };
		0431117E1C04391700CD6000 /* COView.swift in Sources */ = {isa = PBXBuildFile; fileRef = 043111761C04391700CD6000 /* COView.swift */; };
		0431117F1C04391700CD6000 /* PopDatePickerV.swift in Sources */ = {isa = PBXBuildFile; fileRef = 043111771C04391700CD6000 /* PopDatePickerV.swift */; };
		043111801C04391700CD6000 /* PopDatePickerV.xib in Resources */ = {isa = PBXBuildFile; fileRef = 043111781C04391700CD6000 /* PopDatePickerV.xib */; };
		043111891C04397200CD6000 /* COAppTool.swift in Sources */ = {isa = PBXBuildFile; fileRef = 043111821C04397200CD6000 /* COAppTool.swift */; };
		0431118A1C04397200CD6000 /* COBaseTool.swift in Sources */ = {isa = PBXBuildFile; fileRef = 043111831C04397200CD6000 /* COBaseTool.swift */; };
		0431118B1C04397200CD6000 /* COFileTool.swift in Sources */ = {isa = PBXBuildFile; fileRef = 043111841C04397200CD6000 /* COFileTool.swift */; };
		0431118C1C04397200CD6000 /* COImagePickerTool.swift in Sources */ = {isa = PBXBuildFile; fileRef = 043111851C04397200CD6000 /* COImagePickerTool.swift */; };
		0431118D1C04397200CD6000 /* COParseTool.swift in Sources */ = {isa = PBXBuildFile; fileRef = 043111861C04397200CD6000 /* COParseTool.swift */; };
		0431118E1C04397200CD6000 /* COPlistTool.swift in Sources */ = {isa = PBXBuildFile; fileRef = 043111871C04397200CD6000 /* COPlistTool.swift */; };
		0431118F1C04397200CD6000 /* COUtil.swift in Sources */ = {isa = PBXBuildFile; fileRef = 043111881C04397200CD6000 /* COUtil.swift */; };
		043111921C0439E100CD6000 /* Utils.swift in Sources */ = {isa = PBXBuildFile; fileRef = 043111911C0439E100CD6000 /* Utils.swift */; };
		043111961C043B7800CD6000 /* COBaseModel.swift in Sources */ = {isa = PBXBuildFile; fileRef = 043111951C043B7800CD6000 /* COBaseModel.swift */; };
		043111981C043BEE00CD6000 /* ReadMe.md in Sources */ = {isa = PBXBuildFile; fileRef = 043111971C043BEE00CD6000 /* ReadMe.md */; };
		0431119B1C044D5900CD6000 /* NSDate+TY.swift in Sources */ = {isa = PBXBuildFile; fileRef = 043111991C044D5900CD6000 /* NSDate+TY.swift */; };
		0431119C1C044D5900CD6000 /* UIView+Util.swift in Sources */ = {isa = PBXBuildFile; fileRef = 0431119A1C044D5900CD6000 /* UIView+Util.swift */; };
		043111A21C044F8700CD6000 /* BaseCell.swift in Sources */ = {isa = PBXBuildFile; fileRef = 0431119E1C044F8700CD6000 /* BaseCell.swift */; };
		043111A41C044F8700CD6000 /* BaseV.swift in Sources */ = {isa = PBXBuildFile; fileRef = 043111A01C044F8700CD6000 /* BaseV.swift */; };
		043111A91C0451E400CD6000 /* Config.swift in Sources */ = {isa = PBXBuildFile; fileRef = 043111A81C0451E400CD6000 /* Config.swift */; };
		043111AD1C04529F00CD6000 /* COBaseHandle.swift in Sources */ = {isa = PBXBuildFile; fileRef = 043111AB1C04529F00CD6000 /* COBaseHandle.swift */; };
		043111AE1C04529F00CD6000 /* COFontAndColorToTagHandle.swift in Sources */ = {isa = PBXBuildFile; fileRef = 043111AC1C04529F00CD6000 /* COFontAndColorToTagHandle.swift */; };
		043111D01C04554900CD6000 /* APIEnum.swift in Sources */ = {isa = PBXBuildFile; fileRef = 043111CF1C04554900CD6000 /* APIEnum.swift */; };
		0486F23D1C03F20800E273B8 /* AppDelegate.swift in Sources */ = {isa = PBXBuildFile; fileRef = 0486F23C1C03F20800E273B8 /* AppDelegate.swift */; };
		0486F23F1C03F20800E273B8 /* ViewController.swift in Sources */ = {isa = PBXBuildFile; fileRef = 0486F23E1C03F20800E273B8 /* ViewController.swift */; };
		0486F2421C03F20800E273B8 /* Main.storyboard in Resources */ = {isa = PBXBuildFile; fileRef = 0486F2401C03F20800E273B8 /* Main.storyboard */; };
		0486F2441C03F20800E273B8 /* Assets.xcassets in Resources */ = {isa = PBXBuildFile; fileRef = 0486F2431C03F20800E273B8 /* Assets.xcassets */; };
		0486F2471C03F20800E273B8 /* LaunchScreen.storyboard in Resources */ = {isa = PBXBuildFile; fileRef = 0486F2451C03F20800E273B8 /* LaunchScreen.storyboard */; };
		0486F2521C03F20800E273B8 /* KoalaServiceTests.swift in Sources */ = {isa = PBXBuildFile; fileRef = 0486F2511C03F20800E273B8 /* KoalaServiceTests.swift */; };
		0486F25D1C03F20800E273B8 /* KoalaServiceUITests.swift in Sources */ = {isa = PBXBuildFile; fileRef = 0486F25C1C03F20800E273B8 /* KoalaServiceUITests.swift */; };
		8C23EDA09EB42B2A2A9C0A48 /* libPods.a in Frameworks */ = {isa = PBXBuildFile; fileRef = 0DC88889AD90458E005C8DE6 /* libPods.a */; };
/* End PBXBuildFile section */

/* Begin PBXContainerItemProxy section */
		0486F24E1C03F20800E273B8 /* PBXContainerItemProxy */ = {
			isa = PBXContainerItemProxy;
			containerPortal = 0486F2311C03F20800E273B8 /* Project object */;
			proxyType = 1;
			remoteGlobalIDString = 0486F2381C03F20800E273B8;
			remoteInfo = KoalaService;
		};
		0486F2591C03F20800E273B8 /* PBXContainerItemProxy */ = {
			isa = PBXContainerItemProxy;
			containerPortal = 0486F2311C03F20800E273B8 /* Project object */;
			proxyType = 1;
			remoteGlobalIDString = 0486F2381C03F20800E273B8;
			remoteInfo = KoalaService;
		};
/* End PBXContainerItemProxy section */

/* Begin PBXFileReference section */
		043111501C04382000CD6000 /* NSArray+CO.swift */ = {isa = PBXFileReference; fileEncoding = 4; lastKnownFileType = sourcecode.swift; path = "NSArray+CO.swift"; sourceTree = "<group>"; };
		043111511C04382000CD6000 /* NSData+CO.swift */ = {isa = PBXFileReference; fileEncoding = 4; lastKnownFileType = sourcecode.swift; path = "NSData+CO.swift"; sourceTree = "<group>"; };
		043111521C04382000CD6000 /* NSDate+CO.swift */ = {isa = PBXFileReference; fileEncoding = 4; lastKnownFileType = sourcecode.swift; path = "NSDate+CO.swift"; sourceTree = "<group>"; };
		043111531C04382000CD6000 /* NSObject+CO.swift */ = {isa = PBXFileReference; fileEncoding = 4; lastKnownFileType = sourcecode.swift; path = "NSObject+CO.swift"; sourceTree = "<group>"; };
		043111541C04382000CD6000 /* NSString+CO.swift */ = {isa = PBXFileReference; fileEncoding = 4; lastKnownFileType = sourcecode.swift; path = "NSString+CO.swift"; sourceTree = "<group>"; };
		043111551C04382000CD6000 /* String+CO.swift */ = {isa = PBXFileReference; fileEncoding = 4; lastKnownFileType = sourcecode.swift; path = "String+CO.swift"; sourceTree = "<group>"; };
		043111561C04382000CD6000 /* UIButton+CO.swift */ = {isa = PBXFileReference; fileEncoding = 4; lastKnownFileType = sourcecode.swift; path = "UIButton+CO.swift"; sourceTree = "<group>"; };
		043111571C04382000CD6000 /* UIColor+CO.swift */ = {isa = PBXFileReference; fileEncoding = 4; lastKnownFileType = sourcecode.swift; path = "UIColor+CO.swift"; sourceTree = "<group>"; };
		043111581C04382000CD6000 /* UIImage+CO.swift */ = {isa = PBXFileReference; fileEncoding = 4; lastKnownFileType = sourcecode.swift; path = "UIImage+CO.swift"; sourceTree = "<group>"; };
		043111591C04382000CD6000 /* UIImageView+CO.swift */ = {isa = PBXFileReference; fileEncoding = 4; lastKnownFileType = sourcecode.swift; path = "UIImageView+CO.swift"; sourceTree = "<group>"; };
		0431115A1C04382000CD6000 /* UILabel+CO.swift */ = {isa = PBXFileReference; fileEncoding = 4; lastKnownFileType = sourcecode.swift; path = "UILabel+CO.swift"; sourceTree = "<group>"; };
		0431115B1C04382000CD6000 /* UIScrollView+CO.swift */ = {isa = PBXFileReference; fileEncoding = 4; lastKnownFileType = sourcecode.swift; path = "UIScrollView+CO.swift"; sourceTree = "<group>"; };
		0431115C1C04382000CD6000 /* UITableView+CO.swift */ = {isa = PBXFileReference; fileEncoding = 4; lastKnownFileType = sourcecode.swift; path = "UITableView+CO.swift"; sourceTree = "<group>"; };
		0431115D1C04382000CD6000 /* UIView+CO.swift */ = {isa = PBXFileReference; fileEncoding = 4; lastKnownFileType = sourcecode.swift; path = "UIView+CO.swift"; sourceTree = "<group>"; };
		0431116E1C0438B700CD6000 /* ColorDefine.swift */ = {isa = PBXFileReference; fileEncoding = 4; lastKnownFileType = sourcecode.swift; path = ColorDefine.swift; sourceTree = "<group>"; };
		043111711C04391700CD6000 /* COBaseCell.swift */ = {isa = PBXFileReference; fileEncoding = 4; lastKnownFileType = sourcecode.swift; path = COBaseCell.swift; sourceTree = "<group>"; };
		043111721C04391700CD6000 /* COBaseV.swift */ = {isa = PBXFileReference; fileEncoding = 4; lastKnownFileType = sourcecode.swift; path = COBaseV.swift; sourceTree = "<group>"; };
		043111741C04391700CD6000 /* COTFTVHandler.swift */ = {isa = PBXFileReference; fileEncoding = 4; lastKnownFileType = sourcecode.swift; path = COTFTVHandler.swift; sourceTree = "<group>"; };
		043111751C04391700CD6000 /* COUIScrollView.swift */ = {isa = PBXFileReference; fileEncoding = 4; lastKnownFileType = sourcecode.swift; path = COUIScrollView.swift; sourceTree = "<group>"; };
		043111761C04391700CD6000 /* COView.swift */ = {isa = PBXFileReference; fileEncoding = 4; lastKnownFileType = sourcecode.swift; path = COView.swift; sourceTree = "<group>"; };
		043111771C04391700CD6000 /* PopDatePickerV.swift */ = {isa = PBXFileReference; fileEncoding = 4; lastKnownFileType = sourcecode.swift; path = PopDatePickerV.swift; sourceTree = "<group>"; };
		043111781C04391700CD6000 /* PopDatePickerV.xib */ = {isa = PBXFileReference; fileEncoding = 4; lastKnownFileType = file.xib; path = PopDatePickerV.xib; sourceTree = "<group>"; };
		043111821C04397200CD6000 /* COAppTool.swift */ = {isa = PBXFileReference; fileEncoding = 4; lastKnownFileType = sourcecode.swift; path = COAppTool.swift; sourceTree = "<group>"; };
		043111831C04397200CD6000 /* COBaseTool.swift */ = {isa = PBXFileReference; fileEncoding = 4; lastKnownFileType = sourcecode.swift; path = COBaseTool.swift; sourceTree = "<group>"; };
		043111841C04397200CD6000 /* COFileTool.swift */ = {isa = PBXFileReference; fileEncoding = 4; lastKnownFileType = sourcecode.swift; path = COFileTool.swift; sourceTree = "<group>"; };
		043111851C04397200CD6000 /* COImagePickerTool.swift */ = {isa = PBXFileReference; fileEncoding = 4; lastKnownFileType = sourcecode.swift; path = COImagePickerTool.swift; sourceTree = "<group>"; };
		043111861C04397200CD6000 /* COParseTool.swift */ = {isa = PBXFileReference; fileEncoding = 4; lastKnownFileType = sourcecode.swift; path = COParseTool.swift; sourceTree = "<group>"; };
		043111871C04397200CD6000 /* COPlistTool.swift */ = {isa = PBXFileReference; fileEncoding = 4; lastKnownFileType = sourcecode.swift; path = COPlistTool.swift; sourceTree = "<group>"; };
		043111881C04397200CD6000 /* COUtil.swift */ = {isa = PBXFileReference; fileEncoding = 4; lastKnownFileType = sourcecode.swift; path = COUtil.swift; sourceTree = "<group>"; };
		043111911C0439E100CD6000 /* Utils.swift */ = {isa = PBXFileReference; fileEncoding = 4; lastKnownFileType = sourcecode.swift; path = Utils.swift; sourceTree = "<group>"; };
		043111931C043A3800CD6000 /* Header.h */ = {isa = PBXFileReference; lastKnownFileType = sourcecode.c.h; path = Header.h; sourceTree = "<group>"; };
		043111951C043B7800CD6000 /* COBaseModel.swift */ = {isa = PBXFileReference; fileEncoding = 4; lastKnownFileType = sourcecode.swift; path = COBaseModel.swift; sourceTree = "<group>"; };
		043111971C043BEE00CD6000 /* ReadMe.md */ = {isa = PBXFileReference; fileEncoding = 4; lastKnownFileType = net.daringfireball.markdown; path = ReadMe.md; sourceTree = "<group>"; };
		043111991C044D5900CD6000 /* NSDate+TY.swift */ = {isa = PBXFileReference; fileEncoding = 4; lastKnownFileType = sourcecode.swift; path = "NSDate+TY.swift"; sourceTree = "<group>"; };
		0431119A1C044D5900CD6000 /* UIView+Util.swift */ = {isa = PBXFileReference; fileEncoding = 4; lastKnownFileType = sourcecode.swift; path = "UIView+Util.swift"; sourceTree = "<group>"; };
		0431119E1C044F8700CD6000 /* BaseCell.swift */ = {isa = PBXFileReference; fileEncoding = 4; lastKnownFileType = sourcecode.swift; path = BaseCell.swift; sourceTree = "<group>"; };
		043111A01C044F8700CD6000 /* BaseV.swift */ = {isa = PBXFileReference; fileEncoding = 4; lastKnownFileType = sourcecode.swift; path = BaseV.swift; sourceTree = "<group>"; };
		043111A81C0451E400CD6000 /* Config.swift */ = {isa = PBXFileReference; fileEncoding = 4; lastKnownFileType = sourcecode.swift; path = Config.swift; sourceTree = "<group>"; };
		043111AB1C04529F00CD6000 /* COBaseHandle.swift */ = {isa = PBXFileReference; fileEncoding = 4; lastKnownFileType = sourcecode.swift; path = COBaseHandle.swift; sourceTree = "<group>"; };
		043111AC1C04529F00CD6000 /* COFontAndColorToTagHandle.swift */ = {isa = PBXFileReference; fileEncoding = 4; lastKnownFileType = sourcecode.swift; path = COFontAndColorToTagHandle.swift; sourceTree = "<group>"; };
		043111CF1C04554900CD6000 /* APIEnum.swift */ = {isa = PBXFileReference; fileEncoding = 4; lastKnownFileType = sourcecode.swift; path = APIEnum.swift; sourceTree = "<group>"; };
		0486F2391C03F20800E273B8 /* KoalaService.app */ = {isa = PBXFileReference; explicitFileType = wrapper.application; includeInIndex = 0; path = KoalaService.app; sourceTree = BUILT_PRODUCTS_DIR; };
		0486F23C1C03F20800E273B8 /* AppDelegate.swift */ = {isa = PBXFileReference; lastKnownFileType = sourcecode.swift; name = AppDelegate.swift; path = ../AppDelegate.swift; sourceTree = "<group>"; };
		0486F23E1C03F20800E273B8 /* ViewController.swift */ = {isa = PBXFileReference; lastKnownFileType = sourcecode.swift; name = ViewController.swift; path = ../ViewController.swift; sourceTree = "<group>"; };
		0486F2411C03F20800E273B8 /* Base */ = {isa = PBXFileReference; lastKnownFileType = file.storyboard; name = Base; path = Base.lproj/Main.storyboard; sourceTree = "<group>"; };
		0486F2431C03F20800E273B8 /* Assets.xcassets */ = {isa = PBXFileReference; lastKnownFileType = folder.assetcatalog; path = Assets.xcassets; sourceTree = "<group>"; };
		0486F2461C03F20800E273B8 /* Base */ = {isa = PBXFileReference; lastKnownFileType = file.storyboard; name = Base; path = Base.lproj/LaunchScreen.storyboard; sourceTree = "<group>"; };
		0486F2481C03F20800E273B8 /* Info.plist */ = {isa = PBXFileReference; lastKnownFileType = text.plist.xml; path = Info.plist; sourceTree = "<group>"; };
		0486F24D1C03F20800E273B8 /* KoalaServiceTests.xctest */ = {isa = PBXFileReference; explicitFileType = wrapper.cfbundle; includeInIndex = 0; path = KoalaServiceTests.xctest; sourceTree = BUILT_PRODUCTS_DIR; };
		0486F2511C03F20800E273B8 /* KoalaServiceTests.swift */ = {isa = PBXFileReference; lastKnownFileType = sourcecode.swift; path = KoalaServiceTests.swift; sourceTree = "<group>"; };
		0486F2531C03F20800E273B8 /* Info.plist */ = {isa = PBXFileReference; lastKnownFileType = text.plist.xml; path = Info.plist; sourceTree = "<group>"; };
		0486F2581C03F20800E273B8 /* KoalaServiceUITests.xctest */ = {isa = PBXFileReference; explicitFileType = wrapper.cfbundle; includeInIndex = 0; path = KoalaServiceUITests.xctest; sourceTree = BUILT_PRODUCTS_DIR; };
		0486F25C1C03F20800E273B8 /* KoalaServiceUITests.swift */ = {isa = PBXFileReference; lastKnownFileType = sourcecode.swift; path = KoalaServiceUITests.swift; sourceTree = "<group>"; };
		0486F25E1C03F20800E273B8 /* Info.plist */ = {isa = PBXFileReference; lastKnownFileType = text.plist.xml; path = Info.plist; sourceTree = "<group>"; };
		06F22F949B5E687DA0184259 /* Pods.debug.xcconfig */ = {isa = PBXFileReference; includeInIndex = 1; lastKnownFileType = text.xcconfig; name = Pods.debug.xcconfig; path = "Pods/Target Support Files/Pods/Pods.debug.xcconfig"; sourceTree = "<group>"; };
		0DC88889AD90458E005C8DE6 /* libPods.a */ = {isa = PBXFileReference; explicitFileType = archive.ar; includeInIndex = 0; path = libPods.a; sourceTree = BUILT_PRODUCTS_DIR; };
		78B2A447B45D0F6C1A154B0E /* Pods.release.xcconfig */ = {isa = PBXFileReference; includeInIndex = 1; lastKnownFileType = text.xcconfig; name = Pods.release.xcconfig; path = "Pods/Target Support Files/Pods/Pods.release.xcconfig"; sourceTree = "<group>"; };
/* End PBXFileReference section */

/* Begin PBXFrameworksBuildPhase section */
		0486F2361C03F20800E273B8 /* Frameworks */ = {
			isa = PBXFrameworksBuildPhase;
			buildActionMask = 2147483647;
			files = (
				8C23EDA09EB42B2A2A9C0A48 /* libPods.a in Frameworks */,
			);
			runOnlyForDeploymentPostprocessing = 0;
		};
		0486F24A1C03F20800E273B8 /* Frameworks */ = {
			isa = PBXFrameworksBuildPhase;
			buildActionMask = 2147483647;
			files = (
			);
			runOnlyForDeploymentPostprocessing = 0;
		};
		0486F2551C03F20800E273B8 /* Frameworks */ = {
			isa = PBXFrameworksBuildPhase;
			buildActionMask = 2147483647;
			files = (
			);
			runOnlyForDeploymentPostprocessing = 0;
		};
/* End PBXFrameworksBuildPhase section */

/* Begin PBXGroup section */
		043110251C04340400CD6000 /* Appdelgate */ = {
			isa = PBXGroup;
			children = (
				0486F23C1C03F20800E273B8 /* AppDelegate.swift */,
				043111931C043A3800CD6000 /* Header.h */,
				0486F23E1C03F20800E273B8 /* ViewController.swift */,
				0486F2401C03F20800E273B8 /* Main.storyboard */,
				0486F2451C03F20800E273B8 /* LaunchScreen.storyboard */,
			);
			path = Appdelgate;
			sourceTree = "<group>";
		};
		0431114D1C04382000CD6000 /* Public */ = {
			isa = PBXGroup;
			children = (
				043111A81C0451E400CD6000 /* Config.swift */,
				043111CF1C04554900CD6000 /* APIEnum.swift */,
				043111971C043BEE00CD6000 /* ReadMe.md */,
				043111AA1C04529F00CD6000 /* Handle */,
				043111941C043B7800CD6000 /* Other */,
				043111901C0439E100CD6000 /* Utils */,
				043111811C04397200CD6000 /* Tool */,
				043111701C04391700CD6000 /* View */,
				0431116D1C0438B700CD6000 /* Colors */,
				0431114F1C04382000CD6000 /* Extension */,
			);
			path = Public;
			sourceTree = "<group>";
		};
		0431114F1C04382000CD6000 /* Extension */ = {
			isa = PBXGroup;
			children = (
				043111501C04382000CD6000 /* NSArray+CO.swift */,
				043111511C04382000CD6000 /* NSData+CO.swift */,
				043111521C04382000CD6000 /* NSDate+CO.swift */,
				043111531C04382000CD6000 /* NSObject+CO.swift */,
				043111541C04382000CD6000 /* NSString+CO.swift */,
				043111551C04382000CD6000 /* String+CO.swift */,
				043111561C04382000CD6000 /* UIButton+CO.swift */,
				043111571C04382000CD6000 /* UIColor+CO.swift */,
				043111581C04382000CD6000 /* UIImage+CO.swift */,
				043111591C04382000CD6000 /* UIImageView+CO.swift */,
				0431115A1C04382000CD6000 /* UILabel+CO.swift */,
				0431115B1C04382000CD6000 /* UIScrollView+CO.swift */,
				0431115C1C04382000CD6000 /* UITableView+CO.swift */,
				0431115D1C04382000CD6000 /* UIView+CO.swift */,
			);
			path = Extension;
			sourceTree = "<group>";
		};
		0431116D1C0438B700CD6000 /* Colors */ = {
			isa = PBXGroup;
			children = (
				0431116E1C0438B700CD6000 /* ColorDefine.swift */,
			);
			path = Colors;
			sourceTree = "<group>";
		};
		043111701C04391700CD6000 /* View */ = {
			isa = PBXGroup;
			children = (
				043111711C04391700CD6000 /* COBaseCell.swift */,
				043111721C04391700CD6000 /* COBaseV.swift */,
				043111741C04391700CD6000 /* COTFTVHandler.swift */,
				043111751C04391700CD6000 /* COUIScrollView.swift */,
				043111761C04391700CD6000 /* COView.swift */,
				043111771C04391700CD6000 /* PopDatePickerV.swift */,
				043111781C04391700CD6000 /* PopDatePickerV.xib */,
			);
			path = View;
			sourceTree = "<group>";
		};
		043111811C04397200CD6000 /* Tool */ = {
			isa = PBXGroup;
			children = (
				043111821C04397200CD6000 /* COAppTool.swift */,
				043111831C04397200CD6000 /* COBaseTool.swift */,
				043111841C04397200CD6000 /* COFileTool.swift */,
				043111851C04397200CD6000 /* COImagePickerTool.swift */,
				043111861C04397200CD6000 /* COParseTool.swift */,
				043111871C04397200CD6000 /* COPlistTool.swift */,
				043111881C04397200CD6000 /* COUtil.swift */,
			);
			path = Tool;
			sourceTree = "<group>";
		};
		043111901C0439E100CD6000 /* Utils */ = {
			isa = PBXGroup;
			children = (
				043111991C044D5900CD6000 /* NSDate+TY.swift */,
				0431119A1C044D5900CD6000 /* UIView+Util.swift */,
				043111911C0439E100CD6000 /* Utils.swift */,
			);
			path = Utils;
			sourceTree = "<group>";
		};
		043111941C043B7800CD6000 /* Other */ = {
			isa = PBXGroup;
			children = (
				043111951C043B7800CD6000 /* COBaseModel.swift */,
			);
			path = Other;
			sourceTree = "<group>";
		};
		0431119D1C044F8700CD6000 /* Base */ = {
			isa = PBXGroup;
			children = (
				0431119E1C044F8700CD6000 /* BaseCell.swift */,
				043111A01C044F8700CD6000 /* BaseV.swift */,
			);
			path = Base;
			sourceTree = "<group>";
		};
		043111AA1C04529F00CD6000 /* Handle */ = {
			isa = PBXGroup;
			children = (
				043111AB1C04529F00CD6000 /* COBaseHandle.swift */,
				043111AC1C04529F00CD6000 /* COFontAndColorToTagHandle.swift */,
			);
			path = Handle;
			sourceTree = "<group>";
		};
		0486F2301C03F20800E273B8 = {
			isa = PBXGroup;
			children = (
				0486F23B1C03F20800E273B8 /* KoalaService */,
				0486F2501C03F20800E273B8 /* KoalaServiceTests */,
				0486F25B1C03F20800E273B8 /* KoalaServiceUITests */,
				0486F23A1C03F20800E273B8 /* Products */,
				408E4AC3341BF2DD38CF8BA4 /* Pods */,
				302501E693A930184A665260 /* Frameworks */,
			);
			sourceTree = "<group>";
		};
		0486F23A1C03F20800E273B8 /* Products */ = {
			isa = PBXGroup;
			children = (
				0486F2391C03F20800E273B8 /* KoalaService.app */,
				0486F24D1C03F20800E273B8 /* KoalaServiceTests.xctest */,
				0486F2581C03F20800E273B8 /* KoalaServiceUITests.xctest */,
			);
			name = Products;
			sourceTree = "<group>";
		};
		0486F23B1C03F20800E273B8 /* KoalaService */ = {
			isa = PBXGroup;
			children = (
				0431119D1C044F8700CD6000 /* Base */,
				0431114D1C04382000CD6000 /* Public */,
				043110251C04340400CD6000 /* Appdelgate */,
				0486F2431C03F20800E273B8 /* Assets.xcassets */,
				0486F2481C03F20800E273B8 /* Info.plist */,
			);
			path = KoalaService;
			sourceTree = "<group>";
		};
		0486F2501C03F20800E273B8 /* KoalaServiceTests */ = {
			isa = PBXGroup;
			children = (
				0486F2511C03F20800E273B8 /* KoalaServiceTests.swift */,
				0486F2531C03F20800E273B8 /* Info.plist */,
			);
			path = KoalaServiceTests;
			sourceTree = "<group>";
		};
		0486F25B1C03F20800E273B8 /* KoalaServiceUITests */ = {
			isa = PBXGroup;
			children = (
				0486F25C1C03F20800E273B8 /* KoalaServiceUITests.swift */,
				0486F25E1C03F20800E273B8 /* Info.plist */,
			);
			path = KoalaServiceUITests;
			sourceTree = "<group>";
		};
		302501E693A930184A665260 /* Frameworks */ = {
			isa = PBXGroup;
			children = (
				0DC88889AD90458E005C8DE6 /* libPods.a */,
			);
			name = Frameworks;
			sourceTree = "<group>";
		};
		408E4AC3341BF2DD38CF8BA4 /* Pods */ = {
			isa = PBXGroup;
			children = (
				06F22F949B5E687DA0184259 /* Pods.debug.xcconfig */,
				78B2A447B45D0F6C1A154B0E /* Pods.release.xcconfig */,
			);
			name = Pods;
			sourceTree = "<group>";
		};
/* End PBXGroup section */

/* Begin PBXNativeTarget section */
		0486F2381C03F20800E273B8 /* KoalaService */ = {
			isa = PBXNativeTarget;
			buildConfigurationList = 0486F2611C03F20800E273B8 /* Build configuration list for PBXNativeTarget "KoalaService" */;
			buildPhases = (
				32D3D5E508FC813DADD011C3 /* Check Pods Manifest.lock */,
				0486F2351C03F20800E273B8 /* Sources */,
				0486F2361C03F20800E273B8 /* Frameworks */,
				0486F2371C03F20800E273B8 /* Resources */,
				C7D1CCCB21568D7374C338A2 /* Embed Pods Frameworks */,
				0EA9AF10F9BCE9047BE5D0C7 /* Copy Pods Resources */,
			);
			buildRules = (
			);
			dependencies = (
			);
			name = KoalaService;
			productName = KoalaService;
			productReference = 0486F2391C03F20800E273B8 /* KoalaService.app */;
			productType = "com.apple.product-type.application";
		};
		0486F24C1C03F20800E273B8 /* KoalaServiceTests */ = {
			isa = PBXNativeTarget;
			buildConfigurationList = 0486F2641C03F20800E273B8 /* Build configuration list for PBXNativeTarget "KoalaServiceTests" */;
			buildPhases = (
				0486F2491C03F20800E273B8 /* Sources */,
				0486F24A1C03F20800E273B8 /* Frameworks */,
				0486F24B1C03F20800E273B8 /* Resources */,
			);
			buildRules = (
			);
			dependencies = (
				0486F24F1C03F20800E273B8 /* PBXTargetDependency */,
			);
			name = KoalaServiceTests;
			productName = KoalaServiceTests;
			productReference = 0486F24D1C03F20800E273B8 /* KoalaServiceTests.xctest */;
			productType = "com.apple.product-type.bundle.unit-test";
		};
		0486F2571C03F20800E273B8 /* KoalaServiceUITests */ = {
			isa = PBXNativeTarget;
			buildConfigurationList = 0486F2671C03F20800E273B8 /* Build configuration list for PBXNativeTarget "KoalaServiceUITests" */;
			buildPhases = (
				0486F2541C03F20800E273B8 /* Sources */,
				0486F2551C03F20800E273B8 /* Frameworks */,
				0486F2561C03F20800E273B8 /* Resources */,
			);
			buildRules = (
			);
			dependencies = (
				0486F25A1C03F20800E273B8 /* PBXTargetDependency */,
			);
			name = KoalaServiceUITests;
			productName = KoalaServiceUITests;
			productReference = 0486F2581C03F20800E273B8 /* KoalaServiceUITests.xctest */;
			productType = "com.apple.product-type.bundle.ui-testing";
		};
/* End PBXNativeTarget section */

/* Begin PBXProject section */
		0486F2311C03F20800E273B8 /* Project object */ = {
			isa = PBXProject;
			attributes = {
				LastSwiftUpdateCheck = 0710;
				LastUpgradeCheck = 0710;
				ORGANIZATIONNAME = com.cn.ty;
				TargetAttributes = {
					0486F2381C03F20800E273B8 = {
						CreatedOnToolsVersion = 7.1.1;
					};
					0486F24C1C03F20800E273B8 = {
						CreatedOnToolsVersion = 7.1.1;
						TestTargetID = 0486F2381C03F20800E273B8;
					};
					0486F2571C03F20800E273B8 = {
						CreatedOnToolsVersion = 7.1.1;
						TestTargetID = 0486F2381C03F20800E273B8;
					};
				};
			};
			buildConfigurationList = 0486F2341C03F20800E273B8 /* Build configuration list for PBXProject "KoalaService" */;
			compatibilityVersion = "Xcode 3.2";
			developmentRegion = English;
			hasScannedForEncodings = 0;
			knownRegions = (
				en,
				Base,
			);
			mainGroup = 0486F2301C03F20800E273B8;
			productRefGroup = 0486F23A1C03F20800E273B8 /* Products */;
			projectDirPath = "";
			projectRoot = "";
			targets = (
				0486F2381C03F20800E273B8 /* KoalaService */,
				0486F24C1C03F20800E273B8 /* KoalaServiceTests */,
				0486F2571C03F20800E273B8 /* KoalaServiceUITests */,
			);
		};
/* End PBXProject section */

/* Begin PBXResourcesBuildPhase section */
		0486F2371C03F20800E273B8 /* Resources */ = {
			isa = PBXResourcesBuildPhase;
			buildActionMask = 2147483647;
			files = (
				043111801C04391700CD6000 /* PopDatePickerV.xib in Resources */,
				0486F2471C03F20800E273B8 /* LaunchScreen.storyboard in Resources */,
				0486F2441C03F20800E273B8 /* Assets.xcassets in Resources */,
				0486F2421C03F20800E273B8 /* Main.storyboard in Resources */,
			);
			runOnlyForDeploymentPostprocessing = 0;
		};
		0486F24B1C03F20800E273B8 /* Resources */ = {
			isa = PBXResourcesBuildPhase;
			buildActionMask = 2147483647;
			files = (
			);
			runOnlyForDeploymentPostprocessing = 0;
		};
		0486F2561C03F20800E273B8 /* Resources */ = {
			isa = PBXResourcesBuildPhase;
			buildActionMask = 2147483647;
			files = (
			);
			runOnlyForDeploymentPostprocessing = 0;
		};
/* End PBXResourcesBuildPhase section */

/* Begin PBXShellScriptBuildPhase section */
		0EA9AF10F9BCE9047BE5D0C7 /* Copy Pods Resources */ = {
			isa = PBXShellScriptBuildPhase;
			buildActionMask = 2147483647;
			files = (
			);
			inputPaths = (
			);
			name = "Copy Pods Resources";
			outputPaths = (
			);
			runOnlyForDeploymentPostprocessing = 0;
			shellPath = /bin/sh;
			shellScript = "\"${SRCROOT}/Pods/Target Support Files/Pods/Pods-resources.sh\"\n";
			showEnvVarsInLog = 0;
		};
		32D3D5E508FC813DADD011C3 /* Check Pods Manifest.lock */ = {
			isa = PBXShellScriptBuildPhase;
			buildActionMask = 2147483647;
			files = (
			);
			inputPaths = (
			);
			name = "Check Pods Manifest.lock";
			outputPaths = (
			);
			runOnlyForDeploymentPostprocessing = 0;
			shellPath = /bin/sh;
			shellScript = "diff \"${PODS_ROOT}/../Podfile.lock\" \"${PODS_ROOT}/Manifest.lock\" > /dev/null\nif [[ $? != 0 ]] ; then\n    cat << EOM\nerror: The sandbox is not in sync with the Podfile.lock. Run 'pod install' or update your CocoaPods installation.\nEOM\n    exit 1\nfi\n";
			showEnvVarsInLog = 0;
		};
		C7D1CCCB21568D7374C338A2 /* Embed Pods Frameworks */ = {
			isa = PBXShellScriptBuildPhase;
			buildActionMask = 2147483647;
			files = (
			);
			inputPaths = (
			);
			name = "Embed Pods Frameworks";
			outputPaths = (
			);
			runOnlyForDeploymentPostprocessing = 0;
			shellPath = /bin/sh;
			shellScript = "\"${SRCROOT}/Pods/Target Support Files/Pods/Pods-frameworks.sh\"\n";
			showEnvVarsInLog = 0;
		};
/* End PBXShellScriptBuildPhase section */

/* Begin PBXSourcesBuildPhase section */
		0486F2351C03F20800E273B8 /* Sources */ = {
			isa = PBXSourcesBuildPhase;
			buildActionMask = 2147483647;
			files = (
				043111A41C044F8700CD6000 /* BaseV.swift in Sources */,
				043111961C043B7800CD6000 /* COBaseModel.swift in Sources */,
				0431116B1C04382000CD6000 /* UITableView+CO.swift in Sources */,
				0431117D1C04391700CD6000 /* COUIScrollView.swift in Sources */,
				0431118D1C04397200CD6000 /* COParseTool.swift in Sources */,
				043111641C04382000CD6000 /* String+CO.swift in Sources */,
				0431117C1C04391700CD6000 /* COTFTVHandler.swift in Sources */,
				043111621C04382000CD6000 /* NSObject+CO.swift in Sources */,
				043111631C04382000CD6000 /* NSString+CO.swift in Sources */,
				0431118E1C04397200CD6000 /* COPlistTool.swift in Sources */,
				043111921C0439E100CD6000 /* Utils.swift in Sources */,
				043111681C04382000CD6000 /* UIImageView+CO.swift in Sources */,
				043111891C04397200CD6000 /* COAppTool.swift in Sources */,
				0431117E1C04391700CD6000 /* COView.swift in Sources */,
				0431118B1C04397200CD6000 /* COFileTool.swift in Sources */,
				0431116A1C04382000CD6000 /* UIScrollView+CO.swift in Sources */,
				0431119B1C044D5900CD6000 /* NSDate+TY.swift in Sources */,
				043111A91C0451E400CD6000 /* Config.swift in Sources */,
				0431117F1C04391700CD6000 /* PopDatePickerV.swift in Sources */,
				0486F23F1C03F20800E273B8 /* ViewController.swift in Sources */,
				043111AE1C04529F00CD6000 /* COFontAndColorToTagHandle.swift in Sources */,
				0431116F1C0438B700CD6000 /* ColorDefine.swift in Sources */,
				043111661C04382000CD6000 /* UIColor+CO.swift in Sources */,
				0431115F1C04382000CD6000 /* NSArray+CO.swift in Sources */,
				043111791C04391700CD6000 /* COBaseCell.swift in Sources */,
				043111651C04382000CD6000 /* UIButton+CO.swift in Sources */,
				0431116C1C04382000CD6000 /* UIView+CO.swift in Sources */,
				043111981C043BEE00CD6000 /* ReadMe.md in Sources */,
				043111AD1C04529F00CD6000 /* COBaseHandle.swift in Sources */,
				0431118F1C04397200CD6000 /* COUtil.swift in Sources */,
				043111A21C044F8700CD6000 /* BaseCell.swift in Sources */,
				043111601C04382000CD6000 /* NSData+CO.swift in Sources */,
				0431118A1C04397200CD6000 /* COBaseTool.swift in Sources */,
				043111671C04382000CD6000 /* UIImage+CO.swift in Sources */,
				043111611C04382000CD6000 /* NSDate+CO.swift in Sources */,
				0431117A1C04391700CD6000 /* COBaseV.swift in Sources */,
				043111D01C04554900CD6000 /* APIEnum.swift in Sources */,
				0431118C1C04397200CD6000 /* COImagePickerTool.swift in Sources */,
				0486F23D1C03F20800E273B8 /* AppDelegate.swift in Sources */,
				0431119C1C044D5900CD6000 /* UIView+Util.swift in Sources */,
				043111691C04382000CD6000 /* UILabel+CO.swift in Sources */,
			);
			runOnlyForDeploymentPostprocessing = 0;
		};
		0486F2491C03F20800E273B8 /* Sources */ = {
			isa = PBXSourcesBuildPhase;
			buildActionMask = 2147483647;
			files = (
				0486F2521C03F20800E273B8 /* KoalaServiceTests.swift in Sources */,
			);
			runOnlyForDeploymentPostprocessing = 0;
		};
		0486F2541C03F20800E273B8 /* Sources */ = {
			isa = PBXSourcesBuildPhase;
			buildActionMask = 2147483647;
			files = (
				0486F25D1C03F20800E273B8 /* KoalaServiceUITests.swift in Sources */,
			);
			runOnlyForDeploymentPostprocessing = 0;
		};
/* End PBXSourcesBuildPhase section */

/* Begin PBXTargetDependency section */
		0486F24F1C03F20800E273B8 /* PBXTargetDependency */ = {
			isa = PBXTargetDependency;
			target = 0486F2381C03F20800E273B8 /* KoalaService */;
			targetProxy = 0486F24E1C03F20800E273B8 /* PBXContainerItemProxy */;
		};
		0486F25A1C03F20800E273B8 /* PBXTargetDependency */ = {
			isa = PBXTargetDependency;
			target = 0486F2381C03F20800E273B8 /* KoalaService */;
			targetProxy = 0486F2591C03F20800E273B8 /* PBXContainerItemProxy */;
		};
/* End PBXTargetDependency section */

/* Begin PBXVariantGroup section */
		0486F2401C03F20800E273B8 /* Main.storyboard */ = {
			isa = PBXVariantGroup;
			children = (
				0486F2411C03F20800E273B8 /* Base */,
			);
			name = Main.storyboard;
			path = ..;
			sourceTree = "<group>";
		};
		0486F2451C03F20800E273B8 /* LaunchScreen.storyboard */ = {
			isa = PBXVariantGroup;
			children = (
				0486F2461C03F20800E273B8 /* Base */,
			);
			name = LaunchScreen.storyboard;
			path = ..;
			sourceTree = "<group>";
		};
/* End PBXVariantGroup section */

/* Begin XCBuildConfiguration section */
		0486F25F1C03F20800E273B8 /* Debug */ = {
			isa = XCBuildConfiguration;
			buildSettings = {
				ALWAYS_SEARCH_USER_PATHS = NO;
				CLANG_CXX_LANGUAGE_STANDARD = "gnu++0x";
				CLANG_CXX_LIBRARY = "libc++";
				CLANG_ENABLE_MODULES = YES;
				CLANG_ENABLE_OBJC_ARC = YES;
				CLANG_WARN_BOOL_CONVERSION = YES;
				CLANG_WARN_CONSTANT_CONVERSION = YES;
				CLANG_WARN_DIRECT_OBJC_ISA_USAGE = YES_ERROR;
				CLANG_WARN_EMPTY_BODY = YES;
				CLANG_WARN_ENUM_CONVERSION = YES;
				CLANG_WARN_INT_CONVERSION = YES;
				CLANG_WARN_OBJC_ROOT_CLASS = YES_ERROR;
				CLANG_WARN_UNREACHABLE_CODE = YES;
				CLANG_WARN__DUPLICATE_METHOD_MATCH = YES;
				"CODE_SIGN_IDENTITY[sdk=iphoneos*]" = "iPhone Developer";
				COPY_PHASE_STRIP = NO;
				DEBUG_INFORMATION_FORMAT = dwarf;
				ENABLE_STRICT_OBJC_MSGSEND = YES;
				ENABLE_TESTABILITY = YES;
				GCC_C_LANGUAGE_STANDARD = gnu99;
				GCC_DYNAMIC_NO_PIC = NO;
				GCC_NO_COMMON_BLOCKS = YES;
				GCC_OPTIMIZATION_LEVEL = 0;
				GCC_PREPROCESSOR_DEFINITIONS = (
					"DEBUG=1",
					"$(inherited)",
				);
				GCC_WARN_64_TO_32_BIT_CONVERSION = YES;
				GCC_WARN_ABOUT_RETURN_TYPE = YES_ERROR;
				GCC_WARN_UNDECLARED_SELECTOR = YES;
				GCC_WARN_UNINITIALIZED_AUTOS = YES_AGGRESSIVE;
				GCC_WARN_UNUSED_FUNCTION = YES;
				GCC_WARN_UNUSED_VARIABLE = YES;
				IPHONEOS_DEPLOYMENT_TARGET = 9.1;
				MTL_ENABLE_DEBUG_INFO = YES;
				ONLY_ACTIVE_ARCH = YES;
				SDKROOT = iphoneos;
				SWIFT_OPTIMIZATION_LEVEL = "-Onone";
			};
			name = Debug;
		};
		0486F2601C03F20800E273B8 /* Release */ = {
			isa = XCBuildConfiguration;
			buildSettings = {
				ALWAYS_SEARCH_USER_PATHS = NO;
				CLANG_CXX_LANGUAGE_STANDARD = "gnu++0x";
				CLANG_CXX_LIBRARY = "libc++";
				CLANG_ENABLE_MODULES = YES;
				CLANG_ENABLE_OBJC_ARC = YES;
				CLANG_WARN_BOOL_CONVERSION = YES;
				CLANG_WARN_CONSTANT_CONVERSION = YES;
				CLANG_WARN_DIRECT_OBJC_ISA_USAGE = YES_ERROR;
				CLANG_WARN_EMPTY_BODY = YES;
				CLANG_WARN_ENUM_CONVERSION = YES;
				CLANG_WARN_INT_CONVERSION = YES;
				CLANG_WARN_OBJC_ROOT_CLASS = YES_ERROR;
				CLANG_WARN_UNREACHABLE_CODE = YES;
				CLANG_WARN__DUPLICATE_METHOD_MATCH = YES;
				"CODE_SIGN_IDENTITY[sdk=iphoneos*]" = "iPhone Developer";
				COPY_PHASE_STRIP = NO;
				DEBUG_INFORMATION_FORMAT = "dwarf-with-dsym";
				ENABLE_NS_ASSERTIONS = NO;
				ENABLE_STRICT_OBJC_MSGSEND = YES;
				GCC_C_LANGUAGE_STANDARD = gnu99;
				GCC_NO_COMMON_BLOCKS = YES;
				GCC_WARN_64_TO_32_BIT_CONVERSION = YES;
				GCC_WARN_ABOUT_RETURN_TYPE = YES_ERROR;
				GCC_WARN_UNDECLARED_SELECTOR = YES;
				GCC_WARN_UNINITIALIZED_AUTOS = YES_AGGRESSIVE;
				GCC_WARN_UNUSED_FUNCTION = YES;
				GCC_WARN_UNUSED_VARIABLE = YES;
				IPHONEOS_DEPLOYMENT_TARGET = 9.1;
				MTL_ENABLE_DEBUG_INFO = NO;
				SDKROOT = iphoneos;
				VALIDATE_PRODUCT = YES;
			};
			name = Release;
		};
		0486F2621C03F20800E273B8 /* Debug */ = {
			isa = XCBuildConfiguration;
			baseConfigurationReference = 06F22F949B5E687DA0184259 /* Pods.debug.xcconfig */;
			buildSettings = {
				ASSETCATALOG_COMPILER_APPICON_NAME = AppIcon;
				CODE_SIGN_IDENTITY = "iPhone Developer: zhao Kun (4B3S58SH49)";
				"CODE_SIGN_IDENTITY[sdk=iphoneos*]" = "iPhone Developer: zhao Kun (4B3S58SH49)";
				INFOPLIST_FILE = KoalaService/Info.plist;
				LD_RUNPATH_SEARCH_PATHS = "$(inherited) @executable_path/Frameworks";
				PRODUCT_BUNDLE_IDENTIFIER = com.cn.koalaservice.ty;
				PRODUCT_NAME = "$(TARGET_NAME)";
				PROVISIONING_PROFILE = "5af789e3-b5b8-46fe-b59b-4f5954f2e7a2";
				SWIFT_OBJC_BRIDGING_HEADER = KoalaService/Appdelgate/Header.h;
			};
			name = Debug;
		};
		0486F2631C03F20800E273B8 /* Release */ = {
			isa = XCBuildConfiguration;
			baseConfigurationReference = 78B2A447B45D0F6C1A154B0E /* Pods.release.xcconfig */;
			buildSettings = {
				ASSETCATALOG_COMPILER_APPICON_NAME = AppIcon;
				CODE_SIGN_IDENTITY = "iPhone Developer: zhao Kun (4B3S58SH49)";
				"CODE_SIGN_IDENTITY[sdk=iphoneos*]" = "iPhone Developer: zhao Kun (4B3S58SH49)";
				INFOPLIST_FILE = KoalaService/Info.plist;
				LD_RUNPATH_SEARCH_PATHS = "$(inherited) @executable_path/Frameworks";
				PRODUCT_BUNDLE_IDENTIFIER = com.cn.koalaservice.ty;
				PRODUCT_NAME = "$(TARGET_NAME)";
				PROVISIONING_PROFILE = "5af789e3-b5b8-46fe-b59b-4f5954f2e7a2";
				SWIFT_OBJC_BRIDGING_HEADER = KoalaService/Appdelgate/Header.h;
			};
			name = Release;
		};
		0486F2651C03F20800E273B8 /* Debug */ = {
			isa = XCBuildConfiguration;
			buildSettings = {
				BUNDLE_LOADER = "$(TEST_HOST)";
				INFOPLIST_FILE = KoalaServiceTests/Info.plist;
				LD_RUNPATH_SEARCH_PATHS = "$(inherited) @executable_path/Frameworks @loader_path/Frameworks";
				PRODUCT_BUNDLE_IDENTIFIER = QZ.KoalaServiceTests;
				PRODUCT_NAME = "$(TARGET_NAME)";
				TEST_HOST = "$(BUILT_PRODUCTS_DIR)/KoalaService.app/KoalaService";
			};
			name = Debug;
		};
		0486F2661C03F20800E273B8 /* Release */ = {
			isa = XCBuildConfiguration;
			buildSettings = {
				BUNDLE_LOADER = "$(TEST_HOST)";
				INFOPLIST_FILE = KoalaServiceTests/Info.plist;
				LD_RUNPATH_SEARCH_PATHS = "$(inherited) @executable_path/Frameworks @loader_path/Frameworks";
				PRODUCT_BUNDLE_IDENTIFIER = QZ.KoalaServiceTests;
				PRODUCT_NAME = "$(TARGET_NAME)";
				TEST_HOST = "$(BUILT_PRODUCTS_DIR)/KoalaService.app/KoalaService";
			};
			name = Release;
		};
		0486F2681C03F20800E273B8 /* Debug */ = {
			isa = XCBuildConfiguration;
			buildSettings = {
				INFOPLIST_FILE = KoalaServiceUITests/Info.plist;
				LD_RUNPATH_SEARCH_PATHS = "$(inherited) @executable_path/Frameworks @loader_path/Frameworks";
				PRODUCT_BUNDLE_IDENTIFIER = QZ.KoalaServiceUITests;
				PRODUCT_NAME = "$(TARGET_NAME)";
				TEST_TARGET_NAME = KoalaService;
				USES_XCTRUNNER = YES;
			};
			name = Debug;
		};
		0486F2691C03F20800E273B8 /* Release */ = {
			isa = XCBuildConfiguration;
			buildSettings = {
				INFOPLIST_FILE = KoalaServiceUITests/Info.plist;
				LD_RUNPATH_SEARCH_PATHS = "$(inherited) @executable_path/Frameworks @loader_path/Frameworks";
				PRODUCT_BUNDLE_IDENTIFIER = QZ.KoalaServiceUITests;
				PRODUCT_NAME = "$(TARGET_NAME)";
				TEST_TARGET_NAME = KoalaService;
				USES_XCTRUNNER = YES;
			};
			name = Release;
		};
/* End XCBuildConfiguration section */

/* Begin XCConfigurationList section */
		0486F2341C03F20800E273B8 /* Build configuration list for PBXProject "KoalaService" */ = {
			isa = XCConfigurationList;
			buildConfigurations = (
				0486F25F1C03F20800E273B8 /* Debug */,
				0486F2601C03F20800E273B8 /* Release */,
			);
			defaultConfigurationIsVisible = 0;
			defaultConfigurationName = Release;
		};
		0486F2611C03F20800E273B8 /* Build configuration list for PBXNativeTarget "KoalaService" */ = {
			isa = XCConfigurationList;
			buildConfigurations = (
				0486F2621C03F20800E273B8 /* Debug */,
				0486F2631C03F20800E273B8 /* Release */,
			);
			defaultConfigurationIsVisible = 0;
			defaultConfigurationName = Release;
		};
		0486F2641C03F20800E273B8 /* Build configuration list for PBXNativeTarget "KoalaServiceTests" */ = {
			isa = XCConfigurationList;
			buildConfigurations = (
				0486F2651C03F20800E273B8 /* Debug */,
				0486F2661C03F20800E273B8 /* Release */,
			);
			defaultConfigurationIsVisible = 0;
			defaultConfigurationName = Release;
		};
		0486F2671C03F20800E273B8 /* Build configuration list for PBXNativeTarget "KoalaServiceUITests" */ = {
			isa = XCConfigurationList;
			buildConfigurations = (
				0486F2681C03F20800E273B8 /* Debug */,
				0486F2691C03F20800E273B8 /* Release */,
			);
			defaultConfigurationIsVisible = 0;
			defaultConfigurationName = Release;
		};
/* End XCConfigurationList section */
	};
	rootObject = 0486F2311C03F20800E273B8 /* Project object */;
}
